
Microsoft Visual Studio Solution File, Format Version 12.00
# Visual Studio Version 17
VisualStudioVersion = 17.0.31903.59
MinimumVisualStudioVersion = 10.0.40219.1
Project("{2150E333-8FDC-42A3-9474-1A3956D46DE8}") = "src", "src", "{F32A5EA3-A3EC-4DFA-B03F-BB8F0A4A79AE}"
EndProject
Project("{FAE04EC0-301F-11D3-BF4B-00C04F79EFBC}") = "InstagramStoryArchiver.Domain", "src\InstagramStoryArchiver.Domain\InstagramStoryArchiver.Domain.csproj", "{A0D13ACA-8EBF-4F29-A633-11AFBE994CF1}"
EndProject
Project("{FAE04EC0-301F-11D3-BF4B-00C04F79EFBC}") = "InstagramStoryArchiver.Application", "src\InstagramStoryArchiver.Application\InstagramStoryArchiver.Application.csproj", "{50036866-9C4D-4FAA-8E2A-BFE2C1FC9C03}"
EndProject
Project("{FAE04EC0-301F-11D3-BF4B-00C04F79EFBC}") = "InstagramStoryArchiver.Infrastructure", "src\InstagramStoryArchiver.Infrastructure\InstagramStoryArchiver.Infrastructure.csproj", "{C1EE9DEE-620E-4ACA-A99E-50EE57430A1E}"
EndProject
Project("{FAE04EC0-301F-11D3-BF4B-00C04F79EFBC}") = "InstagramStoryArchiver.Worker", "src\InstagramStoryArchiver.Worker\InstagramStoryArchiver.Worker.csproj", "{EB52FCB2-7E53-4C78-8A04-E832680ED10D}"
EndProject
Project("{2150E333-8FDC-42A3-9474-1A3956D46DE8}") = "tests", "tests", "{961C964A-F5AD-4650-A755-7171082C23C5}"
EndProject
Project("{FAE04EC0-301F-11D3-BF4B-00C04F79EFBC}") = "InstagramStoryArchiver.Tests", "tests\InstagramStoryArchiver.Tests\InstagramStoryArchiver.Tests.csproj", "{1C7B9308-6BDB-489F-B2CA-BD5F5C83EECF}"
EndProject
Global
	GlobalSection(SolutionConfigurationPlatforms) = preSolution
		Debug|Any CPU = Debug|Any CPU
		Release|Any CPU = Release|Any CPU
	EndGlobalSection
	GlobalSection(SolutionProperties) = preSolution
		HideSolutionNode = FALSE
	EndGlobalSection
	GlobalSection(ProjectConfigurationPlatforms) = postSolution
		{A0D13ACA-8EBF-4F29-A633-11AFBE994CF1}.Debug|Any CPU.ActiveCfg = Debug|Any CPU
		{A0D13ACA-8EBF-4F29-A633-11AFBE994CF1}.Debug|Any CPU.Build.0 = Debug|Any CPU
		{A0D13ACA-8EBF-4F29-A633-11AFBE994CF1}.Release|Any CPU.ActiveCfg = Release|Any CPU
		{A0D13ACA-8EBF-4F29-A633-11AFBE994CF1}.Release|Any CPU.Build.0 = Release|Any CPU
		{50036866-9C4D-4FAA-8E2A-BFE2C1FC9C03}.Debug|Any CPU.ActiveCfg = Debug|Any CPU
		{50036866-9C4D-4FAA-8E2A-BFE2C1FC9C03}.Debug|Any CPU.Build.0 = Debug|Any CPU
		{50036866-9C4D-4FAA-8E2A-BFE2C1FC9C03}.Release|Any CPU.ActiveCfg = Release|Any CPU
		{50036866-9C4D-4FAA-8E2A-BFE2C1FC9C03}.Release|Any CPU.Build.0 = Release|Any CPU
		{C1EE9DEE-620E-4ACA-A99E-50EE57430A1E}.Debug|Any CPU.ActiveCfg = Debug|Any CPU
		{C1EE9DEE-620E-4ACA-A99E-50EE57430A1E}.Debug|Any CPU.Build.0 = Debug|Any CPU
		{C1EE9DEE-620E-4ACA-A99E-50EE57430A1E}.Release|Any CPU.ActiveCfg = Release|Any CPU
		{C1EE9DEE-620E-4ACA-A99E-50EE57430A1E}.Release|Any CPU.Build.0 = Release|Any CPU
		{EB52FCB2-7E53-4C78-8A04-E832680ED10D}.Debug|Any CPU.ActiveCfg = Debug|Any CPU
		{EB52FCB2-7E53-4C78-8A04-E832680ED10D}.Debug|Any CPU.Build.0 = Debug|Any CPU
		{EB52FCB2-7E53-4C78-8A04-E832680ED10D}.Release|Any CPU.ActiveCfg = Release|Any CPU
		{EB52FCB2-7E53-4C78-8A04-E832680ED10D}.Release|Any CPU.Build.0 = Release|Any CPU
		{1C7B9308-6BDB-489F-B2CA-BD5F5C83EECF}.Debug|Any CPU.ActiveCfg = Debug|Any CPU
		{1C7B9308-6BDB-489F-B2CA-BD5F5C83EECF}.Debug|Any CPU.Build.0 = Debug|Any CPU
		{1C7B9308-6BDB-489F-B2CA-BD5F5C83EECF}.Release|Any CPU.ActiveCfg = Release|Any CPU
		{1C7B9308-6BDB-489F-B2CA-BD5F5C83EECF}.Release|Any CPU.Build.0 = Release|Any CPU
	EndGlobalSection
	GlobalSection(NestedProjects) = preSolution
		{A0D13ACA-8EBF-4F29-A633-11AFBE994CF1} = {F32A5EA3-A3EC-4DFA-B03F-BB8F0A4A79AE}
		{50036866-9C4D-4FAA-8E2A-BFE2C1FC9C03} = {F32A5EA3-A3EC-4DFA-B03F-BB8F0A4A79AE}
		{C1EE9DEE-620E-4ACA-A99E-50EE57430A1E} = {F32A5EA3-A3EC-4DFA-B03F-BB8F0A4A79AE}
		{EB52FCB2-7E53-4C78-8A04-E832680ED10D} = {F32A5EA3-A3EC-4DFA-B03F-BB8F0A4A79AE}
		{1C7B9308-6BDB-489F-B2CA-BD5F5C83EECF} = {961C964A-F5AD-4650-A755-7171082C23C5}
	EndGlobalSection
EndGlobal
